
Microsoft Visual Studio Solution File, Format Version 12.00
# Visual Studio Version 16
VisualStudioVersion = 16.0.32428.217
MinimumVisualStudioVersion = 10.0.40219.1
Project("{9A19103F-16F7-4668-BE54-9A1E7A4F7556}") = "ArchitecturePills.Bootstrapper", "ArchitecturePills.Bootstrapper\ArchitecturePills.Bootstrapper.csproj", "{851C3188-ADBE-47D4-95A5-B1E8048BD0F4}"
EndProject
Project("{9A19103F-16F7-4668-BE54-9A1E7A4F7556}") = "ArchitecturePills.Domain", "ArchitecturePills.Domain\ArchitecturePills.Domain.csproj", "{3AAC22C2-AED2-4024-9E4C-DCD8BE8D4302}"
EndProject
Project("{9A19103F-16F7-4668-BE54-9A1E7A4F7556}") = "ArchitecturePills.Application", "ArchitecturePills.Application\ArchitecturePills.Application.csproj", "{4E50FFE0-F6D2-4079-A9B2-FEBE6FACEE7D}"
EndProject
Project("{FAE04EC0-301F-11D3-BF4B-00C04F79EFBC}") = "ArchitecturePills.DataAccess", "ArchitecturePills.DataAccess\ArchitecturePills.DataAccess.csproj", "{8D7DFDEF-F1AA-49C7-A178-4C18AA21A7CF}"
EndProject
Project("{FAE04EC0-301F-11D3-BF4B-00C04F79EFBC}") = "ArchitecturePills.Ports.DataAccess", "ArchitecturePills.Ports.DataAccess\ArchitecturePills.Ports.DataAccess.csproj", "{5E80D0EF-4A57-4B7E-97BA-57F5388ECAE8}"
EndProject
Project("{2150E333-8FDC-42A3-9474-1A3956D46DE8}") = "Ports", "Ports", "{7D2D0F43-1A90-455F-9319-2FA0E1205940}"
EndProject
Project("{2150E333-8FDC-42A3-9474-1A3956D46DE8}") = "Adapters", "Adapters", "{4E62618D-C96F-49BC-9383-B501EA249C61}"
EndProject
Project("{FAE04EC0-301F-11D3-BF4B-00C04F79EFBC}") = "ArchitecturePills.Presentation", "ArchitecturePills.Presentation\ArchitecturePills.Presentation.csproj", "{539DA7A3-60A0-4915-8C6E-8596E8452366}"
EndProject
Global
	GlobalSection(SolutionConfigurationPlatforms) = preSolution
		Debug|Any CPU = Debug|Any CPU
		Release|Any CPU = Release|Any CPU
	EndGlobalSection
	GlobalSection(ProjectConfigurationPlatforms) = postSolution
		{851C3188-ADBE-47D4-95A5-B1E8048BD0F4}.Debug|Any CPU.ActiveCfg = Debug|Any CPU
		{851C3188-ADBE-47D4-95A5-B1E8048BD0F4}.Debug|Any CPU.Build.0 = Debug|Any CPU
		{851C3188-ADBE-47D4-95A5-B1E8048BD0F4}.Release|Any CPU.ActiveCfg = Release|Any CPU
		{851C3188-ADBE-47D4-95A5-B1E8048BD0F4}.Release|Any CPU.Build.0 = Release|Any CPU
		{3AAC22C2-AED2-4024-9E4C-DCD8BE8D4302}.Debug|Any CPU.ActiveCfg = Debug|Any CPU
		{3AAC22C2-AED2-4024-9E4C-DCD8BE8D4302}.Debug|Any CPU.Build.0 = Debug|Any CPU
		{3AAC22C2-AED2-4024-9E4C-DCD8BE8D4302}.Release|Any CPU.ActiveCfg = Release|Any CPU
		{3AAC22C2-AED2-4024-9E4C-DCD8BE8D4302}.Release|Any CPU.Build.0 = Release|Any CPU
		{4E50FFE0-F6D2-4079-A9B2-FEBE6FACEE7D}.Debug|Any CPU.ActiveCfg = Debug|Any CPU
		{4E50FFE0-F6D2-4079-A9B2-FEBE6FACEE7D}.Debug|Any CPU.Build.0 = Debug|Any CPU
		{4E50FFE0-F6D2-4079-A9B2-FEBE6FACEE7D}.Release|Any CPU.ActiveCfg = Release|Any CPU
		{4E50FFE0-F6D2-4079-A9B2-FEBE6FACEE7D}.Release|Any CPU.Build.0 = Release|Any CPU
		{8D7DFDEF-F1AA-49C7-A178-4C18AA21A7CF}.Debug|Any CPU.ActiveCfg = Debug|Any CPU
		{8D7DFDEF-F1AA-49C7-A178-4C18AA21A7CF}.Debug|Any CPU.Build.0 = Debug|Any CPU
		{8D7DFDEF-F1AA-49C7-A178-4C18AA21A7CF}.Release|Any CPU.ActiveCfg = Release|Any CPU
		{8D7DFDEF-F1AA-49C7-A178-4C18AA21A7CF}.Release|Any CPU.Build.0 = Release|Any CPU
		{5E80D0EF-4A57-4B7E-97BA-57F5388ECAE8}.Debug|Any CPU.ActiveCfg = Debug|Any CPU
		{5E80D0EF-4A57-4B7E-97BA-57F5388ECAE8}.Debug|Any CPU.Build.0 = Debug|Any CPU
		{5E80D0EF-4A57-4B7E-97BA-57F5388ECAE8}.Release|Any CPU.ActiveCfg = Release|Any CPU
		{5E80D0EF-4A57-4B7E-97BA-57F5388ECAE8}.Release|Any CPU.Build.0 = Release|Any CPU
		{539DA7A3-60A0-4915-8C6E-8596E8452366}.Debug|Any CPU.ActiveCfg = Debug|Any CPU
		{539DA7A3-60A0-4915-8C6E-8596E8452366}.Debug|Any CPU.Build.0 = Debug|Any CPU
		{539DA7A3-60A0-4915-8C6E-8596E8452366}.Release|Any CPU.ActiveCfg = Release|Any CPU
		{539DA7A3-60A0-4915-8C6E-8596E8452366}.Release|Any CPU.Build.0 = Release|Any CPU
	EndGlobalSection
	GlobalSection(SolutionProperties) = preSolution
		HideSolutionNode = FALSE
	EndGlobalSection
	GlobalSection(NestedProjects) = preSolution
		{8D7DFDEF-F1AA-49C7-A178-4C18AA21A7CF} = {4E62618D-C96F-49BC-9383-B501EA249C61}
		{5E80D0EF-4A57-4B7E-97BA-57F5388ECAE8} = {7D2D0F43-1A90-455F-9319-2FA0E1205940}
	EndGlobalSection
	GlobalSection(ExtensibilityGlobals) = postSolution
		SolutionGuid = {537B2DF9-D707-4518-976A-E85ECD82C842}
	EndGlobalSection
EndGlobal
